
Microsoft Visual Studio Solution File, Format Version 12.00
# Visual Studio Version 17
VisualStudioVersion = 17.4.33213.308
MinimumVisualStudioVersion = 10.0.40219.1
Project("{FAE04EC0-301F-11D3-BF4B-00C04F79EFBC}") = "schoolmenagementsystem", "schoolmenagementsystem\schoolmenagementsystem.csproj", "{EC921DFF-B9F6-4C1A-934F-E6FB93C15B87}"
EndProject
Global
	GlobalSection(SolutionConfigurationPlatforms) = preSolution
		Debug|Any CPU = Debug|Any CPU
		Release|Any CPU = Release|Any CPU
	EndGlobalSection
	GlobalSection(ProjectConfigurationPlatforms) = postSolution
		{EC921DFF-B9F6-4C1A-934F-E6FB93C15B87}.Debug|Any CPU.ActiveCfg = Debug|Any CPU
		{EC921DFF-B9F6-4C1A-934F-E6FB93C15B87}.Debug|Any CPU.Build.0 = Debug|Any CPU
		{EC921DFF-B9F6-4C1A-934F-E6FB93C15B87}.Release|Any CPU.ActiveCfg = Release|Any CPU
		{EC921DFF-B9F6-4C1A-934F-E6FB93C15B87}.Release|Any CPU.Build.0 = Release|Any CPU
	EndGlobalSection
	GlobalSection(SolutionProperties) = preSolution
		HideSolutionNode = FALSE
	EndGlobalSection
	GlobalSection(ExtensibilityGlobals) = postSolution
		SolutionGuid = {0D06E285-A54B-4D2D-8D5B-7E4E551FB8BD}
	EndGlobalSection
EndGlobal
